
Microsoft Visual Studio Solution File, Format Version 12.00
# Visual Studio Version 17
VisualStudioVersion = 17.0.31903.59
MinimumVisualStudioVersion = 10.0.40219.1
Project("{FAE04EC0-301F-11D3-BF4B-00C04F79EFBC}") = "UtmBuilder.Core", "utmBuilder.core\UtmBuilder.Core.csproj", "{A685CDD2-1821-40A6-A9F2-BCE473EC90F5}"
EndProject
Project("{FAE04EC0-301F-11D3-BF4B-00C04F79EFBC}") = "UtmBuilder.Core.Tests", "UtmBuilder.Core.Tests\UtmBuilder.Core.Tests.csproj", "{33C4B6B0-204F-4359-9A35-8F4DF6D1521A}"
EndProject
Global
	GlobalSection(SolutionConfigurationPlatforms) = preSolution
		Debug|Any CPU = Debug|Any CPU
		Release|Any CPU = Release|Any CPU
	EndGlobalSection
	GlobalSection(SolutionProperties) = preSolution
		HideSolutionNode = FALSE
	EndGlobalSection
	GlobalSection(ProjectConfigurationPlatforms) = postSolution
		{A685CDD2-1821-40A6-A9F2-BCE473EC90F5}.Debug|Any CPU.ActiveCfg = Debug|Any CPU
		{A685CDD2-1821-40A6-A9F2-BCE473EC90F5}.Debug|Any CPU.Build.0 = Debug|Any CPU
		{A685CDD2-1821-40A6-A9F2-BCE473EC90F5}.Release|Any CPU.ActiveCfg = Release|Any CPU
		{A685CDD2-1821-40A6-A9F2-BCE473EC90F5}.Release|Any CPU.Build.0 = Release|Any CPU
		{33C4B6B0-204F-4359-9A35-8F4DF6D1521A}.Debug|Any CPU.ActiveCfg = Debug|Any CPU
		{33C4B6B0-204F-4359-9A35-8F4DF6D1521A}.Debug|Any CPU.Build.0 = Debug|Any CPU
		{33C4B6B0-204F-4359-9A35-8F4DF6D1521A}.Release|Any CPU.ActiveCfg = Release|Any CPU
		{33C4B6B0-204F-4359-9A35-8F4DF6D1521A}.Release|Any CPU.Build.0 = Release|Any CPU
	EndGlobalSection
EndGlobal
